<?xml version="1.0" encoding="utf-8"?>
<Project ToolsVersion="4.0" xmlns="http://schemas.microsoft.com/developer/msbuild/2003">
  <ItemGroup>
    <Filter Include="Source Files">
      <UniqueIdentifier>{4FC737F1-C7A5-4376-A066-2A32D752A2FF}</UniqueIdentifier>
      <Extensions>cpp;c;cc;cxx;c++;def;odl;idl;hpj;bat;asm;asmx</Extensions>
    </Filter>
    <Filter Include="Header Files">
      <UniqueIdentifier>{93995380-89BD-4b04-88EB-625FBE52EBFB}</UniqueIdentifier>
      <Extensions>h;hh;hpp;hxx;h++;hm;inl;inc;ipp;xsd</Extensions>
    </Filter>
    <Filter Include="Resource Files">
      <UniqueIdentifier>{67DA6AB6-F800-4c08-8B7A-83BB121AAD01}</UniqueIdentifier>
      <Extensions>rc;ico;cur;bmp;dlg;rc2;rct;bin;rgs;gif;jpg;jpeg;jpe;resx;tiff;tif;png;wav;mfcribbon-ms</Extensions>
    </Filter>
    <Filter Include="Source Files\challenges">
      <UniqueIdentifier>{8d923776-a2e2-4e60-9c94-e6213ac45b33}</UniqueIdentifier>
    </Filter>
  </ItemGroup>
  <ItemGroup>
    <ClCompile Include="MainFile.cpp">
      <Filter>Source Files</Filter>
    </ClCompile>
    <ClCompile Include="challenges\FLOW007.cpp">
      <Filter>Source Files\challenges</Filter>
    </ClCompile>
    <ClCompile Include="challenges\FSQRT.cpp">
      <Filter>Source Files\challenges</Filter>
    </ClCompile>
    <ClCompile Include="challenges\INTEST.cpp">
      <Filter>Source Files\challenges</Filter>
    </ClCompile>
    <ClCompile Include="challenges\LUCKFOUR.cpp">
      <Filter>Source Files\challenges</Filter>
    </ClCompile>
    <ClCompile Include="challenges\MNMX.cpp">
      <Filter>Source Files\challenges</Filter>
    </ClCompile>
    <ClCompile Include="challenges\MUFFINS3.cpp">
      <Filter>Source Files\challenges</Filter>
    </ClCompile>
    <ClCompile Include="challenges\START01.cpp">
      <Filter>Source Files\challenges</Filter>
    </ClCompile>
    <ClCompile Include="challenges\TLG.cpp">
      <Filter>Source Files\challenges</Filter>
    </ClCompile>
    <ClCompile Include="challenges\TSORT.cpp">
      <Filter>Source Files\challenges</Filter>
    </ClCompile>
    <ClCompile Include="challenges\ATM.cpp">
      <Filter>Source Files\challenges</Filter>
    </ClCompile>
    <ClCompile Include="challenges\BITOBYT.cpp">
      <Filter>Source Files\challenges</Filter>
    </ClCompile>
    <ClCompile Include="challenges\CHEFRECP.cpp">
      <Filter>Source Files\challenges</Filter>
    </ClCompile>
    <ClCompile Include="challenges\FCTRL2.cpp">
      <Filter>Source Files\challenges</Filter>
    </ClCompile>
    <ClCompile Include="challenges\FLOW001.cpp">
      <Filter>Source Files\challenges</Filter>
    </ClCompile>
    <ClCompile Include="challenges\FLOW002.cpp">
      <Filter>Source Files\challenges</Filter>
    </ClCompile>
    <ClCompile Include="challenges\FLOW004.cpp">
      <Filter>Source Files\challenges</Filter>
    </ClCompile>
    <ClCompile Include="challenges\FLOW006.cpp">
      <Filter>Source Files\challenges</Filter>
    </ClCompile>
  </ItemGroup>
  <ItemGroup>
    <ClInclude Include="Mothership.h">
      <Filter>Resource Files</Filter>
    </ClInclude>
  </ItemGroup>
</Project>